
Microsoft Visual Studio Solution File, Format Version 12.00
# Visual Studio Version 17
VisualStudioVersion = 17.2.32630.192
MinimumVisualStudioVersion = 10.0.40219.1
Project("{FAE04EC0-301F-11D3-BF4B-00C04F79EFBC}") = "Blitz Troubleshooter 2.0", "Blitz Troubleshooter 2.0.csproj", "{FD376471-2130-439F-A655-C400460B067B}"
EndProject
Global
	GlobalSection(SolutionConfigurationPlatforms) = preSolution
		Debug|Any CPU = Debug|Any CPU
		Release|Any CPU = Release|Any CPU
	EndGlobalSection
	GlobalSection(ProjectConfigurationPlatforms) = postSolution
		{FD376471-2130-439F-A655-C400460B067B}.Debug|Any CPU.ActiveCfg = Debug|Any CPU
		{FD376471-2130-439F-A655-C400460B067B}.Debug|Any CPU.Build.0 = Debug|Any CPU
		{FD376471-2130-439F-A655-C400460B067B}.Release|Any CPU.ActiveCfg = Release|Any CPU
		{FD376471-2130-439F-A655-C400460B067B}.Release|Any CPU.Build.0 = Release|Any CPU
	EndGlobalSection
	GlobalSection(SolutionProperties) = preSolution
		HideSolutionNode = FALSE
	EndGlobalSection
	GlobalSection(ExtensibilityGlobals) = postSolution
		SolutionGuid = {9F28E1EA-1AB2-4B1E-AFE7-181E6A7D5000}
	EndGlobalSection
EndGlobal
